
Microsoft Visual Studio Solution File, Format Version 12.00
# Visual Studio Version 17
VisualStudioVersion = 17.8.34601.278
MinimumVisualStudioVersion = 10.0.40219.1
Project("{FAE04EC0-301F-11D3-BF4B-00C04F79EFBC}") = "AziendaSpedizioni", "AziendaSpedizioni.csproj", "{05F28254-491D-4BE2-99A6-27718E328DA5}"
EndProject
Global
	GlobalSection(SolutionConfigurationPlatforms) = preSolution
		Debug|Any CPU = Debug|Any CPU
		Release|Any CPU = Release|Any CPU
	EndGlobalSection
	GlobalSection(ProjectConfigurationPlatforms) = postSolution
		{05F28254-491D-4BE2-99A6-27718E328DA5}.Debug|Any CPU.ActiveCfg = Debug|Any CPU
		{05F28254-491D-4BE2-99A6-27718E328DA5}.Debug|Any CPU.Build.0 = Debug|Any CPU
		{05F28254-491D-4BE2-99A6-27718E328DA5}.Release|Any CPU.ActiveCfg = Release|Any CPU
		{05F28254-491D-4BE2-99A6-27718E328DA5}.Release|Any CPU.Build.0 = Release|Any CPU
	EndGlobalSection
	GlobalSection(SolutionProperties) = preSolution
		HideSolutionNode = FALSE
	EndGlobalSection
	GlobalSection(ExtensibilityGlobals) = postSolution
		SolutionGuid = {0452602F-7349-4472-B4F7-516238D8094E}
	EndGlobalSection
EndGlobal
